
Microsoft Visual Studio Solution File, Format Version 12.00
# Visual Studio Version 16
VisualStudioVersion = 16.0.31112.23
MinimumVisualStudioVersion = 10.0.40219.1
Project("{00D1A9C2-B5F0-4AF3-8072-F6C62B433612}") = "COSC2640A3", "COSC2640A3\COSC2640A3.sqlproj", "{F6DC53ED-B409-44EB-BDE8-2F12EF754B46}"
EndProject
Global
	GlobalSection(SolutionConfigurationPlatforms) = preSolution
		Debug|Any CPU = Debug|Any CPU
		Release|Any CPU = Release|Any CPU
	EndGlobalSection
	GlobalSection(ProjectConfigurationPlatforms) = postSolution
		{F6DC53ED-B409-44EB-BDE8-2F12EF754B46}.Debug|Any CPU.ActiveCfg = Debug|Any CPU
		{F6DC53ED-B409-44EB-BDE8-2F12EF754B46}.Debug|Any CPU.Build.0 = Debug|Any CPU
		{F6DC53ED-B409-44EB-BDE8-2F12EF754B46}.Debug|Any CPU.Deploy.0 = Debug|Any CPU
		{F6DC53ED-B409-44EB-BDE8-2F12EF754B46}.Release|Any CPU.ActiveCfg = Release|Any CPU
		{F6DC53ED-B409-44EB-BDE8-2F12EF754B46}.Release|Any CPU.Build.0 = Release|Any CPU
		{F6DC53ED-B409-44EB-BDE8-2F12EF754B46}.Release|Any CPU.Deploy.0 = Release|Any CPU
	EndGlobalSection
	GlobalSection(SolutionProperties) = preSolution
		HideSolutionNode = FALSE
	EndGlobalSection
	GlobalSection(ExtensibilityGlobals) = postSolution
		SolutionGuid = {0089D755-D252-468E-AAB9-D6AB944F4E46}
	EndGlobalSection
EndGlobal
