
Microsoft Visual Studio Solution File, Format Version 12.00
# Visual Studio Version 16
VisualStudioVersion = 16.0.31112.23
MinimumVisualStudioVersion = 10.0.40219.1
Project("{FAE04EC0-301F-11D3-BF4B-00C04F79EFBC}") = "COSC2640A3", "COSC2640A3.csproj", "{30B957BD-93A5-4D5F-8D23-98F5B3F25F7F}"
	ProjectSection(ProjectDependencies) = postProject
		{8802255F-FFA3-49FE-8300-6D2605988499} = {8802255F-FFA3-49FE-8300-6D2605988499}
		{D05E81C5-C7FD-4A84-BAA6-D3BC50019BBD} = {D05E81C5-C7FD-4A84-BAA6-D3BC50019BBD}
	EndProjectSection
EndProject
Project("{9A19103F-16F7-4668-BE54-9A1E7A4F7556}") = "AmazonLibrary", "..\AmazonLibrary\AmazonLibrary.csproj", "{D05E81C5-C7FD-4A84-BAA6-D3BC50019BBD}"
	ProjectSection(ProjectDependencies) = postProject
		{8802255F-FFA3-49FE-8300-6D2605988499} = {8802255F-FFA3-49FE-8300-6D2605988499}
	EndProjectSection
EndProject
Project("{9A19103F-16F7-4668-BE54-9A1E7A4F7556}") = "Helper", "..\Helper\Helper.csproj", "{8802255F-FFA3-49FE-8300-6D2605988499}"
EndProject
Global
	GlobalSection(SolutionConfigurationPlatforms) = preSolution
		Debug|Any CPU = Debug|Any CPU
		Release|Any CPU = Release|Any CPU
	EndGlobalSection
	GlobalSection(ProjectConfigurationPlatforms) = postSolution
		{30B957BD-93A5-4D5F-8D23-98F5B3F25F7F}.Debug|Any CPU.ActiveCfg = Debug|Any CPU
		{30B957BD-93A5-4D5F-8D23-98F5B3F25F7F}.Debug|Any CPU.Build.0 = Debug|Any CPU
		{30B957BD-93A5-4D5F-8D23-98F5B3F25F7F}.Release|Any CPU.ActiveCfg = Release|Any CPU
		{30B957BD-93A5-4D5F-8D23-98F5B3F25F7F}.Release|Any CPU.Build.0 = Release|Any CPU
		{D05E81C5-C7FD-4A84-BAA6-D3BC50019BBD}.Debug|Any CPU.ActiveCfg = Debug|Any CPU
		{D05E81C5-C7FD-4A84-BAA6-D3BC50019BBD}.Debug|Any CPU.Build.0 = Debug|Any CPU
		{D05E81C5-C7FD-4A84-BAA6-D3BC50019BBD}.Release|Any CPU.ActiveCfg = Release|Any CPU
		{D05E81C5-C7FD-4A84-BAA6-D3BC50019BBD}.Release|Any CPU.Build.0 = Release|Any CPU
		{8802255F-FFA3-49FE-8300-6D2605988499}.Debug|Any CPU.ActiveCfg = Debug|Any CPU
		{8802255F-FFA3-49FE-8300-6D2605988499}.Debug|Any CPU.Build.0 = Debug|Any CPU
		{8802255F-FFA3-49FE-8300-6D2605988499}.Release|Any CPU.ActiveCfg = Release|Any CPU
		{8802255F-FFA3-49FE-8300-6D2605988499}.Release|Any CPU.Build.0 = Release|Any CPU
	EndGlobalSection
	GlobalSection(SolutionProperties) = preSolution
		HideSolutionNode = FALSE
	EndGlobalSection
	GlobalSection(ExtensibilityGlobals) = postSolution
		SolutionGuid = {E3A9E88E-6F5C-4C00-8F3B-33E9AE9488F9}
	EndGlobalSection
EndGlobal
